// !$*UTF8*$!
{
	archiveVersion = 1;
	classes = {
	};
	objectVersion = 51;
	objects = {

/* Begin PBXBuildFile section */
		81D1FE8ACF259551E6B8AB6F /* Pods_FireBaseLogin.framework in Frameworks */ = {isa = PBXBuildFile; fileRef = 8E104C2AEBF6023513E45459 /* Pods_FireBaseLogin.framework */; };
		885FA3FF260A519C001D0C1F /* AppDelegate.swift in Sources */ = {isa = PBXBuildFile; fileRef = 885FA3FE260A519C001D0C1F /* AppDelegate.swift */; };
		885FA401260A519C001D0C1F /* SceneDelegate.swift in Sources */ = {isa = PBXBuildFile; fileRef = 885FA400260A519C001D0C1F /* SceneDelegate.swift */; };
		885FA403260A519C001D0C1F /* ViewController.swift in Sources */ = {isa = PBXBuildFile; fileRef = 885FA402260A519C001D0C1F /* ViewController.swift */; };
		885FA406260A519C001D0C1F /* Main.storyboard in Resources */ = {isa = PBXBuildFile; fileRef = 885FA404260A519C001D0C1F /* Main.storyboard */; };
		885FA408260A519E001D0C1F /* Assets.xcassets in Resources */ = {isa = PBXBuildFile; fileRef = 885FA407260A519E001D0C1F /* Assets.xcassets */; };
		885FA40B260A519E001D0C1F /* LaunchScreen.storyboard in Resources */ = {isa = PBXBuildFile; fileRef = 885FA409260A519E001D0C1F /* LaunchScreen.storyboard */; };
		889BA5AC2612A27600F6EC7C /* GoogleService-Info.plist in Resources */ = {isa = PBXBuildFile; fileRef = 889BA5AB2612A27600F6EC7C /* GoogleService-Info.plist */; };
		889BA5C22612AB8B00F6EC7C /* RegisterViewController.swift in Sources */ = {isa = PBXBuildFile; fileRef = 889BA5C12612AB8B00F6EC7C /* RegisterViewController.swift */; };
		889BA5C52612B53E00F6EC7C /* LoginViewController.swift in Sources */ = {isa = PBXBuildFile; fileRef = 889BA5C42612B53E00F6EC7C /* LoginViewController.swift */; };
		889BA5CB2612B6D700F6EC7C /* ChatViewController.swift in Sources */ = {isa = PBXBuildFile; fileRef = 889BA5CA2612B6D700F6EC7C /* ChatViewController.swift */; };
/* End PBXBuildFile section */

/* Begin PBXFileReference section */
		55CF9F2B16C0043454CA6520 /* Pods-FireBaseLogin.debug.xcconfig */ = {isa = PBXFileReference; includeInIndex = 1; lastKnownFileType = text.xcconfig; name = "Pods-FireBaseLogin.debug.xcconfig"; path = "Target Support Files/Pods-FireBaseLogin/Pods-FireBaseLogin.debug.xcconfig"; sourceTree = "<group>"; };
		885FA3FB260A519C001D0C1F /* FireBaseLogin.app */ = {isa = PBXFileReference; explicitFileType = wrapper.application; includeInIndex = 0; path = FireBaseLogin.app; sourceTree = BUILT_PRODUCTS_DIR; };
		885FA3FE260A519C001D0C1F /* AppDelegate.swift */ = {isa = PBXFileReference; lastKnownFileType = sourcecode.swift; path = AppDelegate.swift; sourceTree = "<group>"; };
		885FA400260A519C001D0C1F /* SceneDelegate.swift */ = {isa = PBXFileReference; lastKnownFileType = sourcecode.swift; path = SceneDelegate.swift; sourceTree = "<group>"; };
		885FA402260A519C001D0C1F /* ViewController.swift */ = {isa = PBXFileReference; lastKnownFileType = sourcecode.swift; path = ViewController.swift; sourceTree = "<group>"; };
		885FA405260A519C001D0C1F /* Base */ = {isa = PBXFileReference; lastKnownFileType = file.storyboard; name = Base; path = Base.lproj/Main.storyboard; sourceTree = "<group>"; };
		885FA407260A519E001D0C1F /* Assets.xcassets */ = {isa = PBXFileReference; lastKnownFileType = folder.assetcatalog; path = Assets.xcassets; sourceTree = "<group>"; };
		885FA40A260A519E001D0C1F /* Base */ = {isa = PBXFileReference; lastKnownFileType = file.storyboard; name = Base; path = Base.lproj/LaunchScreen.storyboard; sourceTree = "<group>"; };
		885FA40C260A519E001D0C1F /* Info.plist */ = {isa = PBXFileReference; lastKnownFileType = text.plist.xml; path = Info.plist; sourceTree = "<group>"; };
		889BA5AB2612A27600F6EC7C /* GoogleService-Info.plist */ = {isa = PBXFileReference; fileEncoding = 4; lastKnownFileType = text.plist.xml; path = "GoogleService-Info.plist"; sourceTree = "<group>"; };
		889BA5C12612AB8B00F6EC7C /* RegisterViewController.swift */ = {isa = PBXFileReference; lastKnownFileType = sourcecode.swift; path = RegisterViewController.swift; sourceTree = "<group>"; };
		889BA5C42612B53E00F6EC7C /* LoginViewController.swift */ = {isa = PBXFileReference; lastKnownFileType = sourcecode.swift; path = LoginViewController.swift; sourceTree = "<group>"; };
		889BA5CA2612B6D700F6EC7C /* ChatViewController.swift */ = {isa = PBXFileReference; lastKnownFileType = sourcecode.swift; path = ChatViewController.swift; sourceTree = "<group>"; };
		8E104C2AEBF6023513E45459 /* Pods_FireBaseLogin.framework */ = {isa = PBXFileReference; explicitFileType = wrapper.framework; includeInIndex = 0; path = Pods_FireBaseLogin.framework; sourceTree = BUILT_PRODUCTS_DIR; };
		D0F38B17BDE274CB9C1B7EA7 /* Pods-FireBaseLogin.release.xcconfig */ = {isa = PBXFileReference; includeInIndex = 1; lastKnownFileType = text.xcconfig; name = "Pods-FireBaseLogin.release.xcconfig"; path = "Target Support Files/Pods-FireBaseLogin/Pods-FireBaseLogin.release.xcconfig"; sourceTree = "<group>"; };
/* End PBXFileReference section */

/* Begin PBXFrameworksBuildPhase section */
		885FA3F8260A519C001D0C1F /* Frameworks */ = {
			isa = PBXFrameworksBuildPhase;
			buildActionMask = 2147483647;
			files = (
				81D1FE8ACF259551E6B8AB6F /* Pods_FireBaseLogin.framework in Frameworks */,
			);
			runOnlyForDeploymentPostprocessing = 0;
		};
/* End PBXFrameworksBuildPhase section */

/* Begin PBXGroup section */
		722A72537D009BB03BE6C7BD /* Pods */ = {
			isa = PBXGroup;
			children = (
				55CF9F2B16C0043454CA6520 /* Pods-FireBaseLogin.debug.xcconfig */,
				D0F38B17BDE274CB9C1B7EA7 /* Pods-FireBaseLogin.release.xcconfig */,
			);
			path = Pods;
			sourceTree = "<group>";
		};
		885FA3F2260A519C001D0C1F = {
			isa = PBXGroup;
			children = (
				885FA3FD260A519C001D0C1F /* FireBaseLogin */,
				885FA3FC260A519C001D0C1F /* Products */,
				722A72537D009BB03BE6C7BD /* Pods */,
				8AEC1D4FA837FE3326B4D96C /* Frameworks */,
			);
			sourceTree = "<group>";
		};
		885FA3FC260A519C001D0C1F /* Products */ = {
			isa = PBXGroup;
			children = (
				885FA3FB260A519C001D0C1F /* FireBaseLogin.app */,
			);
			name = Products;
			sourceTree = "<group>";
		};
		885FA3FD260A519C001D0C1F /* FireBaseLogin */ = {
			isa = PBXGroup;
			children = (
				889BA5C82612B5EA00F6EC7C /* View */,
				889BA5C72612B54600F6EC7C /* Controller */,
				885FA3FE260A519C001D0C1F /* AppDelegate.swift */,
				885FA400260A519C001D0C1F /* SceneDelegate.swift */,
				885FA407260A519E001D0C1F /* Assets.xcassets */,
				885FA409260A519E001D0C1F /* LaunchScreen.storyboard */,
				885FA40C260A519E001D0C1F /* Info.plist */,
				889BA5AB2612A27600F6EC7C /* GoogleService-Info.plist */,
			);
			path = FireBaseLogin;
			sourceTree = "<group>";
		};
		889BA5C72612B54600F6EC7C /* Controller */ = {
			isa = PBXGroup;
			children = (
				889BA5C12612AB8B00F6EC7C /* RegisterViewController.swift */,
				889BA5C42612B53E00F6EC7C /* LoginViewController.swift */,
				889BA5CA2612B6D700F6EC7C /* ChatViewController.swift */,
				885FA402260A519C001D0C1F /* ViewController.swift */,
			);
			path = Controller;
			sourceTree = "<group>";
		};
		889BA5C82612B5EA00F6EC7C /* View */ = {
			isa = PBXGroup;
			children = (
				885FA404260A519C001D0C1F /* Main.storyboard */,
			);
			path = View;
			sourceTree = "<group>";
		};
		8AEC1D4FA837FE3326B4D96C /* Frameworks */ = {
			isa = PBXGroup;
			children = (
				8E104C2AEBF6023513E45459 /* Pods_FireBaseLogin.framework */,
			);
			name = Frameworks;
			sourceTree = "<group>";
		};
/* End PBXGroup section */

/* Begin PBXNativeTarget section */
		885FA3FA260A519C001D0C1F /* FireBaseLogin */ = {
			isa = PBXNativeTarget;
			buildConfigurationList = 885FA40F260A519E001D0C1F /* Build configuration list for PBXNativeTarget "FireBaseLogin" */;
			buildPhases = (
				DB6AD8F0BB837F561F6F8131 /* [CP] Check Pods Manifest.lock */,
				885FA3F7260A519C001D0C1F /* Sources */,
				885FA3F8260A519C001D0C1F /* Frameworks */,
				885FA3F9260A519C001D0C1F /* Resources */,
				49A07892DFACBC249B05FCFB /* [CP] Embed Pods Frameworks */,
			);
			buildRules = (
			);
			dependencies = (
			);
			name = FireBaseLogin;
			productName = FireBaseLogin;
			productReference = 885FA3FB260A519C001D0C1F /* FireBaseLogin.app */;
			productType = "com.apple.product-type.application";
		};
/* End PBXNativeTarget section */

/* Begin PBXProject section */
		885FA3F3260A519C001D0C1F /* Project object */ = {
			isa = PBXProject;
			attributes = {
				LastSwiftUpdateCheck = 1240;
				LastUpgradeCheck = 1240;
				TargetAttributes = {
					885FA3FA260A519C001D0C1F = {
						CreatedOnToolsVersion = 12.4;
					};
				};
			};
			buildConfigurationList = 885FA3F6260A519C001D0C1F /* Build configuration list for PBXProject "FireBaseLogin" */;
			compatibilityVersion = "Xcode 9.3";
			developmentRegion = en;
			hasScannedForEncodings = 0;
			knownRegions = (
				en,
				Base,
			);
			mainGroup = 885FA3F2260A519C001D0C1F;
			productRefGroup = 885FA3FC260A519C001D0C1F /* Products */;
			projectDirPath = "";
			projectRoot = "";
			targets = (
				885FA3FA260A519C001D0C1F /* FireBaseLogin */,
			);
		};
/* End PBXProject section */

/* Begin PBXResourcesBuildPhase section */
		885FA3F9260A519C001D0C1F /* Resources */ = {
			isa = PBXResourcesBuildPhase;
			buildActionMask = 2147483647;
			files = (
				885FA40B260A519E001D0C1F /* LaunchScreen.storyboard in Resources */,
				889BA5AC2612A27600F6EC7C /* GoogleService-Info.plist in Resources */,
				885FA408260A519E001D0C1F /* Assets.xcassets in Resources */,
				885FA406260A519C001D0C1F /* Main.storyboard in Resources */,
			);
			runOnlyForDeploymentPostprocessing = 0;
		};
/* End PBXResourcesBuildPhase section */

/* Begin PBXShellScriptBuildPhase section */
		49A07892DFACBC249B05FCFB /* [CP] Embed Pods Frameworks */ = {
			isa = PBXShellScriptBuildPhase;
			buildActionMask = 2147483647;
			files = (
			);
			inputFileListPaths = (
				"${PODS_ROOT}/Target Support Files/Pods-FireBaseLogin/Pods-FireBaseLogin-frameworks-${CONFIGURATION}-input-files.xcfilelist",
			);
			name = "[CP] Embed Pods Frameworks";
			outputFileListPaths = (
				"${PODS_ROOT}/Target Support Files/Pods-FireBaseLogin/Pods-FireBaseLogin-frameworks-${CONFIGURATION}-output-files.xcfilelist",
			);
			runOnlyForDeploymentPostprocessing = 0;
			shellPath = /bin/sh;
			shellScript = "\"${PODS_ROOT}/Target Support Files/Pods-FireBaseLogin/Pods-FireBaseLogin-frameworks.sh\"\n";
			showEnvVarsInLog = 0;
		};
		DB6AD8F0BB837F561F6F8131 /* [CP] Check Pods Manifest.lock */ = {
			isa = PBXShellScriptBuildPhase;
			buildActionMask = 2147483647;
			files = (
			);
			inputFileListPaths = (
			);
			inputPaths = (
				"${PODS_PODFILE_DIR_PATH}/Podfile.lock",
				"${PODS_ROOT}/Manifest.lock",
			);
			name = "[CP] Check Pods Manifest.lock";
			outputFileListPaths = (
			);
			outputPaths = (
				"$(DERIVED_FILE_DIR)/Pods-FireBaseLogin-checkManifestLockResult.txt",
			);
			runOnlyForDeploymentPostprocessing = 0;
			shellPath = /bin/sh;
			shellScript = "diff \"${PODS_PODFILE_DIR_PATH}/Podfile.lock\" \"${PODS_ROOT}/Manifest.lock\" > /dev/null\nif [ $? != 0 ] ; then\n    # print error to STDERR\n    echo \"error: The sandbox is not in sync with the Podfile.lock. Run 'pod install' or update your CocoaPods installation.\" >&2\n    exit 1\nfi\n# This output is used by Xcode 'outputs' to avoid re-running this script phase.\necho \"SUCCESS\" > \"${SCRIPT_OUTPUT_FILE_0}\"\n";
			showEnvVarsInLog = 0;
		};
/* End PBXShellScriptBuildPhase section */

/* Begin PBXSourcesBuildPhase section */
		885FA3F7260A519C001D0C1F /* Sources */ = {
			isa = PBXSourcesBuildPhase;
			buildActionMask = 2147483647;
			files = (
				885FA403260A519C001D0C1F /* ViewController.swift in Sources */,
				885FA3FF260A519C001D0C1F /* AppDelegate.swift in Sources */,
				885FA401260A519C001D0C1F /* SceneDelegate.swift in Sources */,
				889BA5C52612B53E00F6EC7C /* LoginViewController.swift in Sources */,
				889BA5CB2612B6D700F6EC7C /* ChatViewController.swift in Sources */,
				889BA5C22612AB8B00F6EC7C /* RegisterViewController.swift in Sources */,
			);
			runOnlyForDeploymentPostprocessing = 0;
		};
/* End PBXSourcesBuildPhase section */

/* Begin PBXVariantGroup section */
		885FA404260A519C001D0C1F /* Main.storyboard */ = {
			isa = PBXVariantGroup;
			children = (
				885FA405260A519C001D0C1F /* Base */,
			);
			name = Main.storyboard;
			sourceTree = "<group>";
		};
		885FA409260A519E001D0C1F /* LaunchScreen.storyboard */ = {
			isa = PBXVariantGroup;
			children = (
				885FA40A260A519E001D0C1F /* Base */,
			);
			name = LaunchScreen.storyboard;
			sourceTree = "<group>";
		};
/* End PBXVariantGroup section */

/* Begin XCBuildConfiguration section */
		885FA40D260A519E001D0C1F /* Debug */ = {
			isa = XCBuildConfiguration;
			buildSettings = {
				ALWAYS_SEARCH_USER_PATHS = NO;
				CLANG_ANALYZER_NONNULL = YES;
				CLANG_ANALYZER_NUMBER_OBJECT_CONVERSION = YES_AGGRESSIVE;
				CLANG_CXX_LANGUAGE_STANDARD = "gnu++14";
				CLANG_CXX_LIBRARY = "libc++";
				CLANG_ENABLE_MODULES = YES;
				CLANG_ENABLE_OBJC_ARC = YES;
				CLANG_ENABLE_OBJC_WEAK = YES;
				CLANG_WARN_BLOCK_CAPTURE_AUTORELEASING = YES;
				CLANG_WARN_BOOL_CONVERSION = YES;
				CLANG_WARN_COMMA = YES;
				CLANG_WARN_CONSTANT_CONVERSION = YES;
				CLANG_WARN_DEPRECATED_OBJC_IMPLEMENTATIONS = YES;
				CLANG_WARN_DIRECT_OBJC_ISA_USAGE = YES_ERROR;
				CLANG_WARN_DOCUMENTATION_COMMENTS = YES;
				CLANG_WARN_EMPTY_BODY = YES;
				CLANG_WARN_ENUM_CONVERSION = YES;
				CLANG_WARN_INFINITE_RECURSION = YES;
				CLANG_WARN_INT_CONVERSION = YES;
				CLANG_WARN_NON_LITERAL_NULL_CONVERSION = YES;
				CLANG_WARN_OBJC_IMPLICIT_RETAIN_SELF = YES;
				CLANG_WARN_OBJC_LITERAL_CONVERSION = YES;
				CLANG_WARN_OBJC_ROOT_CLASS = YES_ERROR;
				CLANG_WARN_QUOTED_INCLUDE_IN_FRAMEWORK_HEADER = YES;
				CLANG_WARN_RANGE_LOOP_ANALYSIS = YES;
				CLANG_WARN_STRICT_PROTOTYPES = YES;
				CLANG_WARN_SUSPICIOUS_MOVE = YES;
				CLANG_WARN_UNGUARDED_AVAILABILITY = YES_AGGRESSIVE;
				CLANG_WARN_UNREACHABLE_CODE = YES;
				CLANG_WARN__DUPLICATE_METHOD_MATCH = YES;
				COPY_PHASE_STRIP = NO;
				DEBUG_INFORMATION_FORMAT = dwarf;
				ENABLE_STRICT_OBJC_MSGSEND = YES;
				ENABLE_TESTABILITY = YES;
				GCC_C_LANGUAGE_STANDARD = gnu11;
				GCC_DYNAMIC_NO_PIC = NO;
				GCC_NO_COMMON_BLOCKS = YES;
				GCC_OPTIMIZATION_LEVEL = 0;
				GCC_PREPROCESSOR_DEFINITIONS = (
					"DEBUG=1",
					"$(inherited)",
				);
				GCC_WARN_64_TO_32_BIT_CONVERSION = YES;
				GCC_WARN_ABOUT_RETURN_TYPE = YES_ERROR;
				GCC_WARN_UNDECLARED_SELECTOR = YES;
				GCC_WARN_UNINITIALIZED_AUTOS = YES_AGGRESSIVE;
				GCC_WARN_UNUSED_FUNCTION = YES;
				GCC_WARN_UNUSED_VARIABLE = YES;
				IPHONEOS_DEPLOYMENT_TARGET = 14.4;
				MTL_ENABLE_DEBUG_INFO = INCLUDE_SOURCE;
				MTL_FAST_MATH = YES;
				ONLY_ACTIVE_ARCH = YES;
				SDKROOT = iphoneos;
				SWIFT_ACTIVE_COMPILATION_CONDITIONS = DEBUG;
				SWIFT_OPTIMIZATION_LEVEL = "-Onone";
			};
			name = Debug;
		};
		885FA40E260A519E001D0C1F /* Release */ = {
			isa = XCBuildConfiguration;
			buildSettings = {
				ALWAYS_SEARCH_USER_PATHS = NO;
				CLANG_ANALYZER_NONNULL = YES;
				CLANG_ANALYZER_NUMBER_OBJECT_CONVERSION = YES_AGGRESSIVE;
				CLANG_CXX_LANGUAGE_STANDARD = "gnu++14";
				CLANG_CXX_LIBRARY = "libc++";
				CLANG_ENABLE_MODULES = YES;
				CLANG_ENABLE_OBJC_ARC = YES;
				CLANG_ENABLE_OBJC_WEAK = YES;
				CLANG_WARN_BLOCK_CAPTURE_AUTORELEASING = YES;
				CLANG_WARN_BOOL_CONVERSION = YES;
				CLANG_WARN_COMMA = YES;
				CLANG_WARN_CONSTANT_CONVERSION = YES;
				CLANG_WARN_DEPRECATED_OBJC_IMPLEMENTATIONS = YES;
				CLANG_WARN_DIRECT_OBJC_ISA_USAGE = YES_ERROR;
				CLANG_WARN_DOCUMENTATION_COMMENTS = YES;
				CLANG_WARN_EMPTY_BODY = YES;
				CLANG_WARN_ENUM_CONVERSION = YES;
				CLANG_WARN_INFINITE_RECURSION = YES;
				CLANG_WARN_INT_CONVERSION = YES;
				CLANG_WARN_NON_LITERAL_NULL_CONVERSION = YES;
				CLANG_WARN_OBJC_IMPLICIT_RETAIN_SELF = YES;
				CLANG_WARN_OBJC_LITERAL_CONVERSION = YES;
				CLANG_WARN_OBJC_ROOT_CLASS = YES_ERROR;
				CLANG_WARN_QUOTED_INCLUDE_IN_FRAMEWORK_HEADER = YES;
				CLANG_WARN_RANGE_LOOP_ANALYSIS = YES;
				CLANG_WARN_STRICT_PROTOTYPES = YES;
				CLANG_WARN_SUSPICIOUS_MOVE = YES;
				CLANG_WARN_UNGUARDED_AVAILABILITY = YES_AGGRESSIVE;
				CLANG_WARN_UNREACHABLE_CODE = YES;
				CLANG_WARN__DUPLICATE_METHOD_MATCH = YES;
				COPY_PHASE_STRIP = NO;
				DEBUG_INFORMATION_FORMAT = "dwarf-with-dsym";
				ENABLE_NS_ASSERTIONS = NO;
				ENABLE_STRICT_OBJC_MSGSEND = YES;
				GCC_C_LANGUAGE_STANDARD = gnu11;
				GCC_NO_COMMON_BLOCKS = YES;
				GCC_WARN_64_TO_32_BIT_CONVERSION = YES;
				GCC_WARN_ABOUT_RETURN_TYPE = YES_ERROR;
				GCC_WARN_UNDECLARED_SELECTOR = YES;
				GCC_WARN_UNINITIALIZED_AUTOS = YES_AGGRESSIVE;
				GCC_WARN_UNUSED_FUNCTION = YES;
				GCC_WARN_UNUSED_VARIABLE = YES;
				IPHONEOS_DEPLOYMENT_TARGET = 14.4;
				MTL_ENABLE_DEBUG_INFO = NO;
				MTL_FAST_MATH = YES;
				SDKROOT = iphoneos;
				SWIFT_COMPILATION_MODE = wholemodule;
				SWIFT_OPTIMIZATION_LEVEL = "-O";
				VALIDATE_PRODUCT = YES;
			};
			name = Release;
		};
		885FA410260A519E001D0C1F /* Debug */ = {
			isa = XCBuildConfiguration;
			baseConfigurationReference = 55CF9F2B16C0043454CA6520 /* Pods-FireBaseLogin.debug.xcconfig */;
			buildSettings = {
				ASSETCATALOG_COMPILER_APPICON_NAME = AppIcon;
				ASSETCATALOG_COMPILER_GLOBAL_ACCENT_COLOR_NAME = AccentColor;
				CODE_SIGN_STYLE = Automatic;
				INFOPLIST_FILE = FireBaseLogin/Info.plist;
				LD_RUNPATH_SEARCH_PATHS = (
					"$(inherited)",
					"@executable_path/Frameworks",
				);
				PRODUCT_BUNDLE_IDENTIFIER = com.sheick.FireBaseLogin;
				PRODUCT_NAME = "$(TARGET_NAME)";
				SWIFT_VERSION = 5.0;
				TARGETED_DEVICE_FAMILY = "1,2";
			};
			name = Debug;
		};
		885FA411260A519E001D0C1F /* Release */ = {
			isa = XCBuildConfiguration;
			baseConfigurationReference = D0F38B17BDE274CB9C1B7EA7 /* Pods-FireBaseLogin.release.xcconfig */;
			buildSettings = {
				ASSETCATALOG_COMPILER_APPICON_NAME = AppIcon;
				ASSETCATALOG_COMPILER_GLOBAL_ACCENT_COLOR_NAME = AccentColor;
				CODE_SIGN_STYLE = Automatic;
				INFOPLIST_FILE = FireBaseLogin/Info.plist;
				LD_RUNPATH_SEARCH_PATHS = (
					"$(inherited)",
					"@executable_path/Frameworks",
				);
				PRODUCT_BUNDLE_IDENTIFIER = com.sheick.FireBaseLogin;
				PRODUCT_NAME = "$(TARGET_NAME)";
				SWIFT_VERSION = 5.0;
				TARGETED_DEVICE_FAMILY = "1,2";
			};
			name = Release;
		};
/* End XCBuildConfiguration section */

/* Begin XCConfigurationList section */
		885FA3F6260A519C001D0C1F /* Build configuration list for PBXProject "FireBaseLogin" */ = {
			isa = XCConfigurationList;
			buildConfigurations = (
				885FA40D260A519E001D0C1F /* Debug */,
				885FA40E260A519E001D0C1F /* Release */,
			);
			defaultConfigurationIsVisible = 0;
			defaultConfigurationName = Release;
		};
		885FA40F260A519E001D0C1F /* Build configuration list for PBXNativeTarget "FireBaseLogin" */ = {
			isa = XCConfigurationList;
			buildConfigurations = (
				885FA410260A519E001D0C1F /* Debug */,
				885FA411260A519E001D0C1F /* Release */,
			);
			defaultConfigurationIsVisible = 0;
			defaultConfigurationName = Release;
		};
/* End XCConfigurationList section */
	};
	rootObject = 885FA3F3260A519C001D0C1F /* Project object */;
}
